// !$*UTF8*$!
{
	archiveVersion = 1;
	classes = {
	};
	objectVersion = 56;
	objects = {

/* Begin PBXBuildFile section */
		0A0FDD292936495100C91DF4 /* NViewController.swift in Sources */ = {isa = PBXBuildFile; fileRef = 0A0FDD232936495100C91DF4 /* NViewController.swift */; };
		0A0FDD2B2936495100C91DF4 /* QViewController.swift in Sources */ = {isa = PBXBuildFile; fileRef = 0A0FDD252936495100C91DF4 /* QViewController.swift */; };
		0A0FDD2C2936495100C91DF4 /* RViewController.swift in Sources */ = {isa = PBXBuildFile; fileRef = 0A0FDD262936495100C91DF4 /* RViewController.swift */; };
		0A0FDD2D2936495100C91DF4 /* CViewController.swift in Sources */ = {isa = PBXBuildFile; fileRef = 0A0FDD272936495100C91DF4 /* CViewController.swift */; };
		0A0FDD2E2936495100C91DF4 /* ZViewController.swift in Sources */ = {isa = PBXBuildFile; fileRef = 0A0FDD282936495100C91DF4 /* ZViewController.swift */; };
		0A13141F2935E0580041540E /* MenuDataSource.swift in Sources */ = {isa = PBXBuildFile; fileRef = 0A13141E2935E0580041540E /* MenuDataSource.swift */; };
		0A1314242935ED970041540E /* UIAnimation + ext.swift in Sources */ = {isa = PBXBuildFile; fileRef = 0A1314232935ED970041540E /* UIAnimation + ext.swift */; };
		0A13142B2935FB2B0041540E /* Menu.json in Resources */ = {isa = PBXBuildFile; fileRef = 0A1314292935FB2B0041540E /* Menu.json */; };
		0A8A7FCA2990034500F42290 /* README.md in Resources */ = {isa = PBXBuildFile; fileRef = 0A8A7FC92990034500F42290 /* README.md */; };
		0A8A87E02960D628003AF506 /* WikiViewController.swift in Sources */ = {isa = PBXBuildFile; fileRef = 0A8A87DF2960D628003AF506 /* WikiViewController.swift */; };
		0A8A87E22960D85A003AF506 /* MatrixViewController.swift in Sources */ = {isa = PBXBuildFile; fileRef = 0A8A87E12960D85A003AF506 /* MatrixViewController.swift */; };
		0AC3F8C52956285200DDB22A /* CalcViewController.swift in Sources */ = {isa = PBXBuildFile; fileRef = 0AC3F8C42956285200DDB22A /* CalcViewController.swift */; };
		0ACFE0262930EEA60013779F /* HistoryViewController.swift in Sources */ = {isa = PBXBuildFile; fileRef = 0ACFE0252930EEA60013779F /* HistoryViewController.swift */; };
		0ACFE0292930F7A90013779F /* FunctionsViewController.swift in Sources */ = {isa = PBXBuildFile; fileRef = 0ACFE0282930F7A90013779F /* FunctionsViewController.swift */; };
		0ADC33CB292F8F36002D4A8A /* AppDelegate.swift in Sources */ = {isa = PBXBuildFile; fileRef = 0ADC33CA292F8F36002D4A8A /* AppDelegate.swift */; };
		0ADC33CD292F8F36002D4A8A /* SceneDelegate.swift in Sources */ = {isa = PBXBuildFile; fileRef = 0ADC33CC292F8F36002D4A8A /* SceneDelegate.swift */; };
		0ADC33D5292F8F36002D4A8A /* Calcalator.xcdatamodeld in Sources */ = {isa = PBXBuildFile; fileRef = 0ADC33D3292F8F36002D4A8A /* Calcalator.xcdatamodeld */; };
		0ADC33D7292F8F38002D4A8A /* Assets.xcassets in Resources */ = {isa = PBXBuildFile; fileRef = 0ADC33D6292F8F38002D4A8A /* Assets.xcassets */; };
		0ADC33DA292F8F38002D4A8A /* LaunchScreen.storyboard in Resources */ = {isa = PBXBuildFile; fileRef = 0ADC33D8292F8F38002D4A8A /* LaunchScreen.storyboard */; };
		0ADC33E5292F8F38002D4A8A /* CalcalatorTests.swift in Sources */ = {isa = PBXBuildFile; fileRef = 0ADC33E4292F8F38002D4A8A /* CalcalatorTests.swift */; };
		0ADC33EF292F8F38002D4A8A /* CalcalatorUITests.swift in Sources */ = {isa = PBXBuildFile; fileRef = 0ADC33EE292F8F38002D4A8A /* CalcalatorUITests.swift */; };
		0ADC33F1292F8F38002D4A8A /* CalcalatorUITestsLaunchTests.swift in Sources */ = {isa = PBXBuildFile; fileRef = 0ADC33F0292F8F38002D4A8A /* CalcalatorUITestsLaunchTests.swift */; };
		0ADC3404292F8FEC002D4A8A /* UITextField + ext.swift in Sources */ = {isa = PBXBuildFile; fileRef = 0ADC33FE292F8FEC002D4A8A /* UITextField + ext.swift */; };
		0ADC3405292F8FEC002D4A8A /* ext.swift in Sources */ = {isa = PBXBuildFile; fileRef = 0ADC33FF292F8FEC002D4A8A /* ext.swift */; };
		0ADC3406292F8FEC002D4A8A /* UIImage + ext.swift in Sources */ = {isa = PBXBuildFile; fileRef = 0ADC3400292F8FEC002D4A8A /* UIImage + ext.swift */; };
		0ADC3407292F8FEC002D4A8A /* UITextView + ext.swift in Sources */ = {isa = PBXBuildFile; fileRef = 0ADC3401292F8FEC002D4A8A /* UITextView + ext.swift */; };
		0ADC3408292F8FEC002D4A8A /* UIView + ext.swift in Sources */ = {isa = PBXBuildFile; fileRef = 0ADC3402292F8FEC002D4A8A /* UIView + ext.swift */; };
		0ADC3409292F8FEC002D4A8A /* UIButton + ext.swift in Sources */ = {isa = PBXBuildFile; fileRef = 0ADC3403292F8FEC002D4A8A /* UIButton + ext.swift */; };
/* End PBXBuildFile section */

/* Begin PBXContainerItemProxy section */
		0ADC33E1292F8F38002D4A8A /* PBXContainerItemProxy */ = {
			isa = PBXContainerItemProxy;
			containerPortal = 0ADC33BF292F8F36002D4A8A /* Project object */;
			proxyType = 1;
			remoteGlobalIDString = 0ADC33C6292F8F36002D4A8A;
			remoteInfo = Calcalator;
		};
		0ADC33EB292F8F38002D4A8A /* PBXContainerItemProxy */ = {
			isa = PBXContainerItemProxy;
			containerPortal = 0ADC33BF292F8F36002D4A8A /* Project object */;
			proxyType = 1;
			remoteGlobalIDString = 0ADC33C6292F8F36002D4A8A;
			remoteInfo = Calcalator;
		};
/* End PBXContainerItemProxy section */

/* Begin PBXFileReference section */
		0A0FDD232936495100C91DF4 /* NViewController.swift */ = {isa = PBXFileReference; fileEncoding = 4; lastKnownFileType = sourcecode.swift; path = NViewController.swift; sourceTree = "<group>"; };
		0A0FDD252936495100C91DF4 /* QViewController.swift */ = {isa = PBXFileReference; fileEncoding = 4; lastKnownFileType = sourcecode.swift; path = QViewController.swift; sourceTree = "<group>"; };
		0A0FDD262936495100C91DF4 /* RViewController.swift */ = {isa = PBXFileReference; fileEncoding = 4; lastKnownFileType = sourcecode.swift; path = RViewController.swift; sourceTree = "<group>"; };
		0A0FDD272936495100C91DF4 /* CViewController.swift */ = {isa = PBXFileReference; fileEncoding = 4; lastKnownFileType = sourcecode.swift; path = CViewController.swift; sourceTree = "<group>"; };
		0A0FDD282936495100C91DF4 /* ZViewController.swift */ = {isa = PBXFileReference; fileEncoding = 4; lastKnownFileType = sourcecode.swift; path = ZViewController.swift; sourceTree = "<group>"; };
		0A13141E2935E0580041540E /* MenuDataSource.swift */ = {isa = PBXFileReference; lastKnownFileType = sourcecode.swift; path = MenuDataSource.swift; sourceTree = "<group>"; };
		0A1314232935ED970041540E /* UIAnimation + ext.swift */ = {isa = PBXFileReference; lastKnownFileType = sourcecode.swift; path = "UIAnimation + ext.swift"; sourceTree = "<group>"; };
		0A1314292935FB2B0041540E /* Menu.json */ = {isa = PBXFileReference; fileEncoding = 4; lastKnownFileType = text.json; path = Menu.json; sourceTree = "<group>"; };
		0A8A7FC92990034500F42290 /* README.md */ = {isa = PBXFileReference; fileEncoding = 4; lastKnownFileType = net.daringfireball.markdown; path = README.md; sourceTree = "<group>"; };
		0A8A87DF2960D628003AF506 /* WikiViewController.swift */ = {isa = PBXFileReference; lastKnownFileType = sourcecode.swift; path = WikiViewController.swift; sourceTree = "<group>"; };
		0A8A87E12960D85A003AF506 /* MatrixViewController.swift */ = {isa = PBXFileReference; lastKnownFileType = sourcecode.swift; path = MatrixViewController.swift; sourceTree = "<group>"; };
		0AC3F8C42956285200DDB22A /* CalcViewController.swift */ = {isa = PBXFileReference; lastKnownFileType = sourcecode.swift; path = CalcViewController.swift; sourceTree = "<group>"; };
		0ACFE0252930EEA60013779F /* HistoryViewController.swift */ = {isa = PBXFileReference; lastKnownFileType = sourcecode.swift; path = HistoryViewController.swift; sourceTree = "<group>"; };
		0ACFE0282930F7A90013779F /* FunctionsViewController.swift */ = {isa = PBXFileReference; lastKnownFileType = sourcecode.swift; path = FunctionsViewController.swift; sourceTree = "<group>"; };
		0ADC33C7292F8F36002D4A8A /* Calcalator.app */ = {isa = PBXFileReference; explicitFileType = wrapper.application; includeInIndex = 0; path = Calcalator.app; sourceTree = BUILT_PRODUCTS_DIR; };
		0ADC33CA292F8F36002D4A8A /* AppDelegate.swift */ = {isa = PBXFileReference; lastKnownFileType = sourcecode.swift; path = AppDelegate.swift; sourceTree = "<group>"; };
		0ADC33CC292F8F36002D4A8A /* SceneDelegate.swift */ = {isa = PBXFileReference; lastKnownFileType = sourcecode.swift; path = SceneDelegate.swift; sourceTree = "<group>"; };
		0ADC33D4292F8F36002D4A8A /* Calcalator.xcdatamodel */ = {isa = PBXFileReference; lastKnownFileType = wrapper.xcdatamodel; path = Calcalator.xcdatamodel; sourceTree = "<group>"; };
		0ADC33D6292F8F38002D4A8A /* Assets.xcassets */ = {isa = PBXFileReference; lastKnownFileType = folder.assetcatalog; path = Assets.xcassets; sourceTree = "<group>"; };
		0ADC33D9292F8F38002D4A8A /* Base */ = {isa = PBXFileReference; lastKnownFileType = file.storyboard; name = Base; path = Base.lproj/LaunchScreen.storyboard; sourceTree = "<group>"; };
		0ADC33DB292F8F38002D4A8A /* Info.plist */ = {isa = PBXFileReference; lastKnownFileType = text.plist.xml; path = Info.plist; sourceTree = "<group>"; };
		0ADC33E0292F8F38002D4A8A /* CalcalatorTests.xctest */ = {isa = PBXFileReference; explicitFileType = wrapper.cfbundle; includeInIndex = 0; path = CalcalatorTests.xctest; sourceTree = BUILT_PRODUCTS_DIR; };
		0ADC33E4292F8F38002D4A8A /* CalcalatorTests.swift */ = {isa = PBXFileReference; lastKnownFileType = sourcecode.swift; path = CalcalatorTests.swift; sourceTree = "<group>"; };
		0ADC33EA292F8F38002D4A8A /* CalcalatorUITests.xctest */ = {isa = PBXFileReference; explicitFileType = wrapper.cfbundle; includeInIndex = 0; path = CalcalatorUITests.xctest; sourceTree = BUILT_PRODUCTS_DIR; };
		0ADC33EE292F8F38002D4A8A /* CalcalatorUITests.swift */ = {isa = PBXFileReference; lastKnownFileType = sourcecode.swift; path = CalcalatorUITests.swift; sourceTree = "<group>"; };
		0ADC33F0292F8F38002D4A8A /* CalcalatorUITestsLaunchTests.swift */ = {isa = PBXFileReference; lastKnownFileType = sourcecode.swift; path = CalcalatorUITestsLaunchTests.swift; sourceTree = "<group>"; };
		0ADC33FE292F8FEC002D4A8A /* UITextField + ext.swift */ = {isa = PBXFileReference; fileEncoding = 4; lastKnownFileType = sourcecode.swift; path = "UITextField + ext.swift"; sourceTree = "<group>"; };
		0ADC33FF292F8FEC002D4A8A /* ext.swift */ = {isa = PBXFileReference; fileEncoding = 4; lastKnownFileType = sourcecode.swift; path = ext.swift; sourceTree = "<group>"; };
		0ADC3400292F8FEC002D4A8A /* UIImage + ext.swift */ = {isa = PBXFileReference; fileEncoding = 4; lastKnownFileType = sourcecode.swift; path = "UIImage + ext.swift"; sourceTree = "<group>"; };
		0ADC3401292F8FEC002D4A8A /* UITextView + ext.swift */ = {isa = PBXFileReference; fileEncoding = 4; lastKnownFileType = sourcecode.swift; path = "UITextView + ext.swift"; sourceTree = "<group>"; };
		0ADC3402292F8FEC002D4A8A /* UIView + ext.swift */ = {isa = PBXFileReference; fileEncoding = 4; lastKnownFileType = sourcecode.swift; path = "UIView + ext.swift"; sourceTree = "<group>"; };
		0ADC3403292F8FEC002D4A8A /* UIButton + ext.swift */ = {isa = PBXFileReference; fileEncoding = 4; lastKnownFileType = sourcecode.swift; path = "UIButton + ext.swift"; sourceTree = "<group>"; };
/* End PBXFileReference section */

/* Begin PBXFrameworksBuildPhase section */
		0ADC33C4292F8F36002D4A8A /* Frameworks */ = {
			isa = PBXFrameworksBuildPhase;
			buildActionMask = 2147483647;
			files = (
			);
			runOnlyForDeploymentPostprocessing = 0;
		};
		0ADC33DD292F8F38002D4A8A /* Frameworks */ = {
			isa = PBXFrameworksBuildPhase;
			buildActionMask = 2147483647;
			files = (
			);
			runOnlyForDeploymentPostprocessing = 0;
		};
		0ADC33E7292F8F38002D4A8A /* Frameworks */ = {
			isa = PBXFrameworksBuildPhase;
			buildActionMask = 2147483647;
			files = (
			);
			runOnlyForDeploymentPostprocessing = 0;
		};
/* End PBXFrameworksBuildPhase section */

/* Begin PBXGroup section */
		0A0FDD222936493A00C91DF4 /* Menu */ = {
			isa = PBXGroup;
			children = (
				0A0FDD232936495100C91DF4 /* NViewController.swift */,
				0A0FDD272936495100C91DF4 /* CViewController.swift */,
				0A0FDD252936495100C91DF4 /* QViewController.swift */,
				0A0FDD262936495100C91DF4 /* RViewController.swift */,
				0A0FDD282936495100C91DF4 /* ZViewController.swift */,
				0A8A87DF2960D628003AF506 /* WikiViewController.swift */,
				0AC3F8C42956285200DDB22A /* CalcViewController.swift */,
				0A8A87E12960D85A003AF506 /* MatrixViewController.swift */,
			);
			path = Menu;
			sourceTree = "<group>";
		};
		0A13142C2935FE4E0041540E /* Base */ = {
			isa = PBXGroup;
			children = (
				0ACFE0252930EEA60013779F /* HistoryViewController.swift */,
				0ACFE0282930F7A90013779F /* FunctionsViewController.swift */,
			);
			path = Base;
			sourceTree = "<group>";
		};
		0A80553029A564D400375192 /* Application */ = {
			isa = PBXGroup;
			children = (
				0ADC33CA292F8F36002D4A8A /* AppDelegate.swift */,
				0ADC33CC292F8F36002D4A8A /* SceneDelegate.swift */,
			);
			path = Application;
			sourceTree = "<group>";
		};
		0A80553129A564F200375192 /* DataSource */ = {
			isa = PBXGroup;
			children = (
				0A13141E2935E0580041540E /* MenuDataSource.swift */,
				0ADC33D3292F8F36002D4A8A /* Calcalator.xcdatamodeld */,
			);
			path = DataSource;
			sourceTree = "<group>";
		};
		0A80553229A5655100375192 /* SupportingFiles */ = {
			isa = PBXGroup;
			children = (
				0A1314292935FB2B0041540E /* Menu.json */,
				0ADC33D6292F8F38002D4A8A /* Assets.xcassets */,
				0ADC33D8292F8F38002D4A8A /* LaunchScreen.storyboard */,
				0ADC33DB292F8F38002D4A8A /* Info.plist */,
			);
			path = SupportingFiles;
			sourceTree = "<group>";
		};
		0ACFE0272930EEAC0013779F /* Controllers */ = {
			isa = PBXGroup;
			children = (
				0A0FDD222936493A00C91DF4 /* Menu */,
				0A13142C2935FE4E0041540E /* Base */,
			);
			path = Controllers;
			sourceTree = "<group>";
		};
		0ADC33BE292F8F36002D4A8A = {
			isa = PBXGroup;
			children = (
				0A8A7FC92990034500F42290 /* README.md */,
				0ADC33C9292F8F36002D4A8A /* Calcalator */,
				0ADC33E3292F8F38002D4A8A /* CalcalatorTests */,
				0ADC33ED292F8F38002D4A8A /* CalcalatorUITests */,
				0ADC33C8292F8F36002D4A8A /* Products */,
			);
			sourceTree = "<group>";
		};
		0ADC33C8292F8F36002D4A8A /* Products */ = {
			isa = PBXGroup;
			children = (
				0ADC33C7292F8F36002D4A8A /* Calcalator.app */,
				0ADC33E0292F8F38002D4A8A /* CalcalatorTests.xctest */,
				0ADC33EA292F8F38002D4A8A /* CalcalatorUITests.xctest */,
			);
			name = Products;
			sourceTree = "<group>";
		};
		0ADC33C9292F8F36002D4A8A /* Calcalator */ = {
			isa = PBXGroup;
			children = (
				0A80553029A564D400375192 /* Application */,
				0A80553129A564F200375192 /* DataSource */,
				0ACFE0272930EEAC0013779F /* Controllers */,
				0ADC33FD292F8FEC002D4A8A /* Helper */,
				0A80553229A5655100375192 /* SupportingFiles */,
			);
			path = Calcalator;
			sourceTree = "<group>";
		};
		0ADC33E3292F8F38002D4A8A /* CalcalatorTests */ = {
			isa = PBXGroup;
			children = (
				0ADC33E4292F8F38002D4A8A /* CalcalatorTests.swift */,
			);
			path = CalcalatorTests;
			sourceTree = "<group>";
		};
		0ADC33ED292F8F38002D4A8A /* CalcalatorUITests */ = {
			isa = PBXGroup;
			children = (
				0ADC33EE292F8F38002D4A8A /* CalcalatorUITests.swift */,
				0ADC33F0292F8F38002D4A8A /* CalcalatorUITestsLaunchTests.swift */,
			);
			path = CalcalatorUITests;
			sourceTree = "<group>";
		};
		0ADC33FD292F8FEC002D4A8A /* Helper */ = {
			isa = PBXGroup;
			children = (
				0ADC33FF292F8FEC002D4A8A /* ext.swift */,
				0ADC33FE292F8FEC002D4A8A /* UITextField + ext.swift */,
				0ADC3400292F8FEC002D4A8A /* UIImage + ext.swift */,
				0ADC3401292F8FEC002D4A8A /* UITextView + ext.swift */,
				0ADC3402292F8FEC002D4A8A /* UIView + ext.swift */,
				0ADC3403292F8FEC002D4A8A /* UIButton + ext.swift */,
				0A1314232935ED970041540E /* UIAnimation + ext.swift */,
			);
			path = Helper;
			sourceTree = "<group>";
		};
/* End PBXGroup section */

/* Begin PBXNativeTarget section */
		0ADC33C6292F8F36002D4A8A /* Calcalator */ = {
			isa = PBXNativeTarget;
			buildConfigurationList = 0ADC33F4292F8F38002D4A8A /* Build configuration list for PBXNativeTarget "Calcalator" */;
			buildPhases = (
				0ADC33C3292F8F36002D4A8A /* Sources */,
				0ADC33C4292F8F36002D4A8A /* Frameworks */,
				0ADC33C5292F8F36002D4A8A /* Resources */,
			);
			buildRules = (
			);
			dependencies = (
			);
			name = Calcalator;
			productName = Calcalator;
			productReference = 0ADC33C7292F8F36002D4A8A /* Calcalator.app */;
			productType = "com.apple.product-type.application";
		};
		0ADC33DF292F8F38002D4A8A /* CalcalatorTests */ = {
			isa = PBXNativeTarget;
			buildConfigurationList = 0ADC33F7292F8F38002D4A8A /* Build configuration list for PBXNativeTarget "CalcalatorTests" */;
			buildPhases = (
				0ADC33DC292F8F38002D4A8A /* Sources */,
				0ADC33DD292F8F38002D4A8A /* Frameworks */,
				0ADC33DE292F8F38002D4A8A /* Resources */,
			);
			buildRules = (
			);
			dependencies = (
				0ADC33E2292F8F38002D4A8A /* PBXTargetDependency */,
			);
			name = CalcalatorTests;
			productName = CalcalatorTests;
			productReference = 0ADC33E0292F8F38002D4A8A /* CalcalatorTests.xctest */;
			productType = "com.apple.product-type.bundle.unit-test";
		};
		0ADC33E9292F8F38002D4A8A /* CalcalatorUITests */ = {
			isa = PBXNativeTarget;
			buildConfigurationList = 0ADC33FA292F8F38002D4A8A /* Build configuration list for PBXNativeTarget "CalcalatorUITests" */;
			buildPhases = (
				0ADC33E6292F8F38002D4A8A /* Sources */,
				0ADC33E7292F8F38002D4A8A /* Frameworks */,
				0ADC33E8292F8F38002D4A8A /* Resources */,
			);
			buildRules = (
			);
			dependencies = (
				0ADC33EC292F8F38002D4A8A /* PBXTargetDependency */,
			);
			name = CalcalatorUITests;
			productName = CalcalatorUITests;
			productReference = 0ADC33EA292F8F38002D4A8A /* CalcalatorUITests.xctest */;
			productType = "com.apple.product-type.bundle.ui-testing";
		};
/* End PBXNativeTarget section */

/* Begin PBXProject section */
		0ADC33BF292F8F36002D4A8A /* Project object */ = {
			isa = PBXProject;
			attributes = {
				BuildIndependentTargetsInParallel = 1;
				LastSwiftUpdateCheck = 1410;
				LastUpgradeCheck = 1410;
				TargetAttributes = {
					0ADC33C6292F8F36002D4A8A = {
						CreatedOnToolsVersion = 14.1;
						LastSwiftMigration = 1420;
					};
					0ADC33DF292F8F38002D4A8A = {
						CreatedOnToolsVersion = 14.1;
						TestTargetID = 0ADC33C6292F8F36002D4A8A;
					};
					0ADC33E9292F8F38002D4A8A = {
						CreatedOnToolsVersion = 14.1;
						TestTargetID = 0ADC33C6292F8F36002D4A8A;
					};
				};
			};
			buildConfigurationList = 0ADC33C2292F8F36002D4A8A /* Build configuration list for PBXProject "Calcalator" */;
			compatibilityVersion = "Xcode 14.0";
			developmentRegion = en;
			hasScannedForEncodings = 0;
			knownRegions = (
				en,
				Base,
			);
			mainGroup = 0ADC33BE292F8F36002D4A8A;
			productRefGroup = 0ADC33C8292F8F36002D4A8A /* Products */;
			projectDirPath = "";
			projectRoot = "";
			targets = (
				0ADC33C6292F8F36002D4A8A /* Calcalator */,
				0ADC33DF292F8F38002D4A8A /* CalcalatorTests */,
				0ADC33E9292F8F38002D4A8A /* CalcalatorUITests */,
			);
		};
/* End PBXProject section */

/* Begin PBXResourcesBuildPhase section */
		0ADC33C5292F8F36002D4A8A /* Resources */ = {
			isa = PBXResourcesBuildPhase;
			buildActionMask = 2147483647;
			files = (
				0ADC33DA292F8F38002D4A8A /* LaunchScreen.storyboard in Resources */,
				0A13142B2935FB2B0041540E /* Menu.json in Resources */,
				0ADC33D7292F8F38002D4A8A /* Assets.xcassets in Resources */,
			);
			runOnlyForDeploymentPostprocessing = 0;
		};
		0ADC33DE292F8F38002D4A8A /* Resources */ = {
			isa = PBXResourcesBuildPhase;
			buildActionMask = 2147483647;
			files = (
			);
			runOnlyForDeploymentPostprocessing = 0;
		};
		0ADC33E8292F8F38002D4A8A /* Resources */ = {
			isa = PBXResourcesBuildPhase;
			buildActionMask = 2147483647;
			files = (
				0A8A7FCA2990034500F42290 /* README.md in Resources */,
			);
			runOnlyForDeploymentPostprocessing = 0;
		};
/* End PBXResourcesBuildPhase section */

/* Begin PBXSourcesBuildPhase section */
		0ADC33C3292F8F36002D4A8A /* Sources */ = {
			isa = PBXSourcesBuildPhase;
			buildActionMask = 2147483647;
			files = (
				0ACFE0292930F7A90013779F /* FunctionsViewController.swift in Sources */,
				0A0FDD2D2936495100C91DF4 /* CViewController.swift in Sources */,
				0ADC3408292F8FEC002D4A8A /* UIView + ext.swift in Sources */,
				0A13141F2935E0580041540E /* MenuDataSource.swift in Sources */,
				0ADC3405292F8FEC002D4A8A /* ext.swift in Sources */,
				0A0FDD2C2936495100C91DF4 /* RViewController.swift in Sources */,
				0A8A87E22960D85A003AF506 /* MatrixViewController.swift in Sources */,
				0ADC3404292F8FEC002D4A8A /* UITextField + ext.swift in Sources */,
				0ADC3407292F8FEC002D4A8A /* UITextView + ext.swift in Sources */,
				0ACFE0262930EEA60013779F /* HistoryViewController.swift in Sources */,
				0A1314242935ED970041540E /* UIAnimation + ext.swift in Sources */,
				0ADC33D5292F8F36002D4A8A /* Calcalator.xcdatamodeld in Sources */,
				0A0FDD2B2936495100C91DF4 /* QViewController.swift in Sources */,
				0A0FDD2E2936495100C91DF4 /* ZViewController.swift in Sources */,
				0ADC33CB292F8F36002D4A8A /* AppDelegate.swift in Sources */,
				0ADC33CD292F8F36002D4A8A /* SceneDelegate.swift in Sources */,
				0A0FDD292936495100C91DF4 /* NViewController.swift in Sources */,
				0AC3F8C52956285200DDB22A /* CalcViewController.swift in Sources */,
				0ADC3406292F8FEC002D4A8A /* UIImage + ext.swift in Sources */,
				0A8A87E02960D628003AF506 /* WikiViewController.swift in Sources */,
				0ADC3409292F8FEC002D4A8A /* UIButton + ext.swift in Sources */,
			);
			runOnlyForDeploymentPostprocessing = 0;
		};
		0ADC33DC292F8F38002D4A8A /* Sources */ = {
			isa = PBXSourcesBuildPhase;
			buildActionMask = 2147483647;
			files = (
				0ADC33E5292F8F38002D4A8A /* CalcalatorTests.swift in Sources */,
			);
			runOnlyForDeploymentPostprocessing = 0;
		};
		0ADC33E6292F8F38002D4A8A /* Sources */ = {
			isa = PBXSourcesBuildPhase;
			buildActionMask = 2147483647;
			files = (
				0ADC33F1292F8F38002D4A8A /* CalcalatorUITestsLaunchTests.swift in Sources */,
				0ADC33EF292F8F38002D4A8A /* CalcalatorUITests.swift in Sources */,
			);
			runOnlyForDeploymentPostprocessing = 0;
		};
/* End PBXSourcesBuildPhase section */

/* Begin PBXTargetDependency section */
		0ADC33E2292F8F38002D4A8A /* PBXTargetDependency */ = {
			isa = PBXTargetDependency;
			target = 0ADC33C6292F8F36002D4A8A /* Calcalator */;
			targetProxy = 0ADC33E1292F8F38002D4A8A /* PBXContainerItemProxy */;
		};
		0ADC33EC292F8F38002D4A8A /* PBXTargetDependency */ = {
			isa = PBXTargetDependency;
			target = 0ADC33C6292F8F36002D4A8A /* Calcalator */;
			targetProxy = 0ADC33EB292F8F38002D4A8A /* PBXContainerItemProxy */;
		};
/* End PBXTargetDependency section */

/* Begin PBXVariantGroup section */
		0ADC33D8292F8F38002D4A8A /* LaunchScreen.storyboard */ = {
			isa = PBXVariantGroup;
			children = (
				0ADC33D9292F8F38002D4A8A /* Base */,
			);
			name = LaunchScreen.storyboard;
			sourceTree = "<group>";
		};
/* End PBXVariantGroup section */

/* Begin XCBuildConfiguration section */
		0ADC33F2292F8F38002D4A8A /* Debug */ = {
			isa = XCBuildConfiguration;
			buildSettings = {
				ALWAYS_SEARCH_USER_PATHS = NO;
				CLANG_ANALYZER_NONNULL = YES;
				CLANG_ANALYZER_NUMBER_OBJECT_CONVERSION = YES_AGGRESSIVE;
				CLANG_CXX_LANGUAGE_STANDARD = "gnu++20";
				CLANG_ENABLE_MODULES = YES;
				CLANG_ENABLE_OBJC_ARC = YES;
				CLANG_ENABLE_OBJC_WEAK = YES;
				CLANG_WARN_BLOCK_CAPTURE_AUTORELEASING = YES;
				CLANG_WARN_BOOL_CONVERSION = YES;
				CLANG_WARN_COMMA = YES;
				CLANG_WARN_CONSTANT_CONVERSION = YES;
				CLANG_WARN_DEPRECATED_OBJC_IMPLEMENTATIONS = YES;
				CLANG_WARN_DIRECT_OBJC_ISA_USAGE = YES_ERROR;
				CLANG_WARN_DOCUMENTATION_COMMENTS = YES;
				CLANG_WARN_EMPTY_BODY = YES;
				CLANG_WARN_ENUM_CONVERSION = YES;
				CLANG_WARN_INFINITE_RECURSION = YES;
				CLANG_WARN_INT_CONVERSION = YES;
				CLANG_WARN_NON_LITERAL_NULL_CONVERSION = YES;
				CLANG_WARN_OBJC_IMPLICIT_RETAIN_SELF = YES;
				CLANG_WARN_OBJC_LITERAL_CONVERSION = YES;
				CLANG_WARN_OBJC_ROOT_CLASS = YES_ERROR;
				CLANG_WARN_QUOTED_INCLUDE_IN_FRAMEWORK_HEADER = YES;
				CLANG_WARN_RANGE_LOOP_ANALYSIS = YES;
				CLANG_WARN_STRICT_PROTOTYPES = YES;
				CLANG_WARN_SUSPICIOUS_MOVE = YES;
				CLANG_WARN_UNGUARDED_AVAILABILITY = YES_AGGRESSIVE;
				CLANG_WARN_UNREACHABLE_CODE = YES;
				CLANG_WARN__DUPLICATE_METHOD_MATCH = YES;
				COPY_PHASE_STRIP = NO;
				DEBUG_INFORMATION_FORMAT = dwarf;
				ENABLE_STRICT_OBJC_MSGSEND = YES;
				ENABLE_TESTABILITY = YES;
				GCC_C_LANGUAGE_STANDARD = gnu11;
				GCC_DYNAMIC_NO_PIC = NO;
				GCC_NO_COMMON_BLOCKS = YES;
				GCC_OPTIMIZATION_LEVEL = 0;
				GCC_PREPROCESSOR_DEFINITIONS = (
					"DEBUG=1",
					"$(inherited)",
				);
				GCC_WARN_64_TO_32_BIT_CONVERSION = YES;
				GCC_WARN_ABOUT_RETURN_TYPE = YES_ERROR;
				GCC_WARN_UNDECLARED_SELECTOR = YES;
				GCC_WARN_UNINITIALIZED_AUTOS = YES_AGGRESSIVE;
				GCC_WARN_UNUSED_FUNCTION = YES;
				GCC_WARN_UNUSED_VARIABLE = YES;
				IPHONEOS_DEPLOYMENT_TARGET = 16.1;
				MTL_ENABLE_DEBUG_INFO = INCLUDE_SOURCE;
				MTL_FAST_MATH = YES;
				ONLY_ACTIVE_ARCH = YES;
				SDKROOT = iphoneos;
				SWIFT_ACTIVE_COMPILATION_CONDITIONS = DEBUG;
				SWIFT_OPTIMIZATION_LEVEL = "-Onone";
			};
			name = Debug;
		};
		0ADC33F3292F8F38002D4A8A /* Release */ = {
			isa = XCBuildConfiguration;
			buildSettings = {
				ALWAYS_SEARCH_USER_PATHS = NO;
				CLANG_ANALYZER_NONNULL = YES;
				CLANG_ANALYZER_NUMBER_OBJECT_CONVERSION = YES_AGGRESSIVE;
				CLANG_CXX_LANGUAGE_STANDARD = "gnu++20";
				CLANG_ENABLE_MODULES = YES;
				CLANG_ENABLE_OBJC_ARC = YES;
				CLANG_ENABLE_OBJC_WEAK = YES;
				CLANG_WARN_BLOCK_CAPTURE_AUTORELEASING = YES;
				CLANG_WARN_BOOL_CONVERSION = YES;
				CLANG_WARN_COMMA = YES;
				CLANG_WARN_CONSTANT_CONVERSION = YES;
				CLANG_WARN_DEPRECATED_OBJC_IMPLEMENTATIONS = YES;
				CLANG_WARN_DIRECT_OBJC_ISA_USAGE = YES_ERROR;
				CLANG_WARN_DOCUMENTATION_COMMENTS = YES;
				CLANG_WARN_EMPTY_BODY = YES;
				CLANG_WARN_ENUM_CONVERSION = YES;
				CLANG_WARN_INFINITE_RECURSION = YES;
				CLANG_WARN_INT_CONVERSION = YES;
				CLANG_WARN_NON_LITERAL_NULL_CONVERSION = YES;
				CLANG_WARN_OBJC_IMPLICIT_RETAIN_SELF = YES;
				CLANG_WARN_OBJC_LITERAL_CONVERSION = YES;
				CLANG_WARN_OBJC_ROOT_CLASS = YES_ERROR;
				CLANG_WARN_QUOTED_INCLUDE_IN_FRAMEWORK_HEADER = YES;
				CLANG_WARN_RANGE_LOOP_ANALYSIS = YES;
				CLANG_WARN_STRICT_PROTOTYPES = YES;
				CLANG_WARN_SUSPICIOUS_MOVE = YES;
				CLANG_WARN_UNGUARDED_AVAILABILITY = YES_AGGRESSIVE;
				CLANG_WARN_UNREACHABLE_CODE = YES;
				CLANG_WARN__DUPLICATE_METHOD_MATCH = YES;
				COPY_PHASE_STRIP = NO;
				DEBUG_INFORMATION_FORMAT = "dwarf-with-dsym";
				ENABLE_NS_ASSERTIONS = NO;
				ENABLE_STRICT_OBJC_MSGSEND = YES;
				GCC_C_LANGUAGE_STANDARD = gnu11;
				GCC_NO_COMMON_BLOCKS = YES;
				GCC_WARN_64_TO_32_BIT_CONVERSION = YES;
				GCC_WARN_ABOUT_RETURN_TYPE = YES_ERROR;
				GCC_WARN_UNDECLARED_SELECTOR = YES;
				GCC_WARN_UNINITIALIZED_AUTOS = YES_AGGRESSIVE;
				GCC_WARN_UNUSED_FUNCTION = YES;
				GCC_WARN_UNUSED_VARIABLE = YES;
				IPHONEOS_DEPLOYMENT_TARGET = 16.1;
				MTL_ENABLE_DEBUG_INFO = NO;
				MTL_FAST_MATH = YES;
				SDKROOT = iphoneos;
				SWIFT_COMPILATION_MODE = wholemodule;
				SWIFT_OPTIMIZATION_LEVEL = "-O";
				VALIDATE_PRODUCT = YES;
			};
			name = Release;
		};
		0ADC33F5292F8F38002D4A8A /* Debug */ = {
			isa = XCBuildConfiguration;
			buildSettings = {
				ASSETCATALOG_COMPILER_APPICON_NAME = AppIcon;
				ASSETCATALOG_COMPILER_GLOBAL_ACCENT_COLOR_NAME = AccentColor;
				CLANG_ENABLE_MODULES = YES;
				CODE_SIGN_STYLE = Automatic;
				CURRENT_PROJECT_VERSION = 1;
				DEVELOPMENT_TEAM = 653PNCT9WW;
				GENERATE_INFOPLIST_FILE = YES;
				INFOPLIST_FILE = Calcalator/SupportingFiles/Info.plist;
				INFOPLIST_KEY_LSApplicationCategoryType = "public.app-category.education";
				INFOPLIST_KEY_UIApplicationSupportsIndirectInputEvents = YES;
				INFOPLIST_KEY_UILaunchStoryboardName = LaunchScreen;
				INFOPLIST_KEY_UIRequiresFullScreen = NO;
				INFOPLIST_KEY_UISupportedInterfaceOrientations = "UIInterfaceOrientationLandscapeLeft UIInterfaceOrientationLandscapeRight UIInterfaceOrientationPortrait";
				INFOPLIST_KEY_UISupportedInterfaceOrientations_iPad = "UIInterfaceOrientationLandscapeLeft UIInterfaceOrientationLandscapeRight UIInterfaceOrientationPortrait UIInterfaceOrientationPortraitUpsideDown";
				LD_RUNPATH_SEARCH_PATHS = (
					"$(inherited)",
					"@executable_path/Frameworks",
				);
				MARKETING_VERSION = 1.0;
				PRODUCT_BUNDLE_IDENTIFIER = program.Calcalator;
				PRODUCT_NAME = "$(TARGET_NAME)";
				SWIFT_EMIT_LOC_STRINGS = YES;
				SWIFT_OPTIMIZATION_LEVEL = "-Onone";
				SWIFT_VERSION = 5.0;
				TARGETED_DEVICE_FAMILY = "1,2";
			};
			name = Debug;
		};
		0ADC33F6292F8F38002D4A8A /* Release */ = {
			isa = XCBuildConfiguration;
			buildSettings = {
				ASSETCATALOG_COMPILER_APPICON_NAME = AppIcon;
				ASSETCATALOG_COMPILER_GLOBAL_ACCENT_COLOR_NAME = AccentColor;
				CLANG_ENABLE_MODULES = YES;
				CODE_SIGN_STYLE = Automatic;
				CURRENT_PROJECT_VERSION = 1;
				DEVELOPMENT_TEAM = 653PNCT9WW;
				GENERATE_INFOPLIST_FILE = YES;
				INFOPLIST_FILE = Calcalator/SupportingFiles/Info.plist;
				INFOPLIST_KEY_LSApplicationCategoryType = "public.app-category.education";
				INFOPLIST_KEY_UIApplicationSupportsIndirectInputEvents = YES;
				INFOPLIST_KEY_UILaunchStoryboardName = LaunchScreen;
				INFOPLIST_KEY_UIRequiresFullScreen = NO;
				INFOPLIST_KEY_UISupportedInterfaceOrientations = "UIInterfaceOrientationLandscapeLeft UIInterfaceOrientationLandscapeRight UIInterfaceOrientationPortrait";
				INFOPLIST_KEY_UISupportedInterfaceOrientations_iPad = "UIInterfaceOrientationLandscapeLeft UIInterfaceOrientationLandscapeRight UIInterfaceOrientationPortrait UIInterfaceOrientationPortraitUpsideDown";
				LD_RUNPATH_SEARCH_PATHS = (
					"$(inherited)",
					"@executable_path/Frameworks",
				);
				MARKETING_VERSION = 1.0;
				PRODUCT_BUNDLE_IDENTIFIER = program.Calcalator;
				PRODUCT_NAME = "$(TARGET_NAME)";
				SWIFT_EMIT_LOC_STRINGS = YES;
				SWIFT_VERSION = 5.0;
				TARGETED_DEVICE_FAMILY = "1,2";
			};
			name = Release;
		};
		0ADC33F8292F8F38002D4A8A /* Debug */ = {
			isa = XCBuildConfiguration;
			buildSettings = {
				ALWAYS_EMBED_SWIFT_STANDARD_LIBRARIES = YES;
				BUNDLE_LOADER = "$(TEST_HOST)";
				CODE_SIGN_STYLE = Automatic;
				CURRENT_PROJECT_VERSION = 1;
				DEVELOPMENT_TEAM = 653PNCT9WW;
				GENERATE_INFOPLIST_FILE = YES;
				IPHONEOS_DEPLOYMENT_TARGET = 16.1;
				MARKETING_VERSION = 1.0;
				PRODUCT_BUNDLE_IDENTIFIER = program.CalcalatorTests;
				PRODUCT_NAME = "$(TARGET_NAME)";
				SWIFT_EMIT_LOC_STRINGS = NO;
				SWIFT_VERSION = 5.0;
				TARGETED_DEVICE_FAMILY = "1,2";
				TEST_HOST = "$(BUILT_PRODUCTS_DIR)/Calcalator.app/$(BUNDLE_EXECUTABLE_FOLDER_PATH)/Calcalator";
			};
			name = Debug;
		};
		0ADC33F9292F8F38002D4A8A /* Release */ = {
			isa = XCBuildConfiguration;
			buildSettings = {
				ALWAYS_EMBED_SWIFT_STANDARD_LIBRARIES = YES;
				BUNDLE_LOADER = "$(TEST_HOST)";
				CODE_SIGN_STYLE = Automatic;
				CURRENT_PROJECT_VERSION = 1;
				DEVELOPMENT_TEAM = 653PNCT9WW;
				GENERATE_INFOPLIST_FILE = YES;
				IPHONEOS_DEPLOYMENT_TARGET = 16.1;
				MARKETING_VERSION = 1.0;
				PRODUCT_BUNDLE_IDENTIFIER = program.CalcalatorTests;
				PRODUCT_NAME = "$(TARGET_NAME)";
				SWIFT_EMIT_LOC_STRINGS = NO;
				SWIFT_VERSION = 5.0;
				TARGETED_DEVICE_FAMILY = "1,2";
				TEST_HOST = "$(BUILT_PRODUCTS_DIR)/Calcalator.app/$(BUNDLE_EXECUTABLE_FOLDER_PATH)/Calcalator";
			};
			name = Release;
		};
		0ADC33FB292F8F38002D4A8A /* Debug */ = {
			isa = XCBuildConfiguration;
			buildSettings = {
				ALWAYS_EMBED_SWIFT_STANDARD_LIBRARIES = YES;
				CODE_SIGN_STYLE = Automatic;
				CURRENT_PROJECT_VERSION = 1;
				DEVELOPMENT_TEAM = 653PNCT9WW;
				GENERATE_INFOPLIST_FILE = YES;
				MARKETING_VERSION = 1.0;
				PRODUCT_BUNDLE_IDENTIFIER = program.CalcalatorUITests;
				PRODUCT_NAME = "$(TARGET_NAME)";
				SWIFT_EMIT_LOC_STRINGS = NO;
				SWIFT_VERSION = 5.0;
				TARGETED_DEVICE_FAMILY = "1,2";
				TEST_TARGET_NAME = Calcalator;
			};
			name = Debug;
		};
		0ADC33FC292F8F38002D4A8A /* Release */ = {
			isa = XCBuildConfiguration;
			buildSettings = {
				ALWAYS_EMBED_SWIFT_STANDARD_LIBRARIES = YES;
				CODE_SIGN_STYLE = Automatic;
				CURRENT_PROJECT_VERSION = 1;
				DEVELOPMENT_TEAM = 653PNCT9WW;
				GENERATE_INFOPLIST_FILE = YES;
				MARKETING_VERSION = 1.0;
				PRODUCT_BUNDLE_IDENTIFIER = program.CalcalatorUITests;
				PRODUCT_NAME = "$(TARGET_NAME)";
				SWIFT_EMIT_LOC_STRINGS = NO;
				SWIFT_VERSION = 5.0;
				TARGETED_DEVICE_FAMILY = "1,2";
				TEST_TARGET_NAME = Calcalator;
			};
			name = Release;
		};
/* End XCBuildConfiguration section */

/* Begin XCConfigurationList section */
		0ADC33C2292F8F36002D4A8A /* Build configuration list for PBXProject "Calcalator" */ = {
			isa = XCConfigurationList;
			buildConfigurations = (
				0ADC33F2292F8F38002D4A8A /* Debug */,
				0ADC33F3292F8F38002D4A8A /* Release */,
			);
			defaultConfigurationIsVisible = 0;
			defaultConfigurationName = Release;
		};
		0ADC33F4292F8F38002D4A8A /* Build configuration list for PBXNativeTarget "Calcalator" */ = {
			isa = XCConfigurationList;
			buildConfigurations = (
				0ADC33F5292F8F38002D4A8A /* Debug */,
				0ADC33F6292F8F38002D4A8A /* Release */,
			);
			defaultConfigurationIsVisible = 0;
			defaultConfigurationName = Release;
		};
		0ADC33F7292F8F38002D4A8A /* Build configuration list for PBXNativeTarget "CalcalatorTests" */ = {
			isa = XCConfigurationList;
			buildConfigurations = (
				0ADC33F8292F8F38002D4A8A /* Debug */,
				0ADC33F9292F8F38002D4A8A /* Release */,
			);
			defaultConfigurationIsVisible = 0;
			defaultConfigurationName = Release;
		};
		0ADC33FA292F8F38002D4A8A /* Build configuration list for PBXNativeTarget "CalcalatorUITests" */ = {
			isa = XCConfigurationList;
			buildConfigurations = (
				0ADC33FB292F8F38002D4A8A /* Debug */,
				0ADC33FC292F8F38002D4A8A /* Release */,
			);
			defaultConfigurationIsVisible = 0;
			defaultConfigurationName = Release;
		};
/* End XCConfigurationList section */

/* Begin XCVersionGroup section */
		0ADC33D3292F8F36002D4A8A /* Calcalator.xcdatamodeld */ = {
			isa = XCVersionGroup;
			children = (
				0ADC33D4292F8F36002D4A8A /* Calcalator.xcdatamodel */,
			);
			currentVersion = 0ADC33D4292F8F36002D4A8A /* Calcalator.xcdatamodel */;
			path = Calcalator.xcdatamodeld;
			sourceTree = "<group>";
			versionGroupType = wrapper.xcdatamodel;
		};
/* End XCVersionGroup section */
	};
	rootObject = 0ADC33BF292F8F36002D4A8A /* Project object */;
}
